{
  "version": "5",
  "specifiers": {
    "jsr:@negrel/http-ece@0.7.0": "0.7.0",
    "jsr:@negrel/webpush@*": "0.4.0",
    "jsr:@std/bytes@1": "1.0.6",
    "jsr:@std/encoding@1": "1.0.10",
    "npm:@hono/arktype-validator@2": "2.0.1_arktype@2.1.20_hono@4.7.11"
  },
  "jsr": {
    "@negrel/http-ece@0.7.0": {
      "integrity": "068e61ba6f52da5454051a283cc19621607f8dd6e74d55c01bb365b8c6644076",
      "dependencies": [
        "jsr:@std/bytes",
        "jsr:@std/encoding"
      ]
    },
    "@negrel/webpush@0.4.0": {
      "integrity": "dd7926ef77b9b08964db2de7f8e51ee4181284a3399f499245a350eee8a0c5a4",
      "dependencies": [
        "jsr:@negrel/http-ece",
        "jsr:@std/bytes",
        "jsr:@std/encoding"
      ]
    },
    "@std/bytes@1.0.6": {
      "integrity": "f6ac6adbd8ccd99314045f5703e23af0a68d7f7e58364b47d2c7f408aeb5820a"
    },
    "@std/encoding@1.0.10": {
      "integrity": "8783c6384a2d13abd5e9e87a7ae0520a30e9f56aeeaa3bdf910a3eaaf5c811a1"
    }
  },
  "npm": {
    "@ark/schema@0.46.0": {
      "integrity": "sha512-c2UQdKgP2eqqDArfBqQIJppxJHvNNXuQPeuSPlDML4rjw+f1cu0qAlzOG4b8ujgm9ctIDWwhpyw6gjG5ledIVQ==",
      "dependencies": [
        "@ark/util"
      ]
    },
    "@ark/util@0.46.0": {
      "integrity": "sha512-JPy/NGWn/lvf1WmGCPw2VGpBg5utZraE84I7wli18EDF3p3zc/e9WolT35tINeZO3l7C77SjqRJeAUoT0CvMRg=="
    },
    "@hono/arktype-validator@2.0.1_arktype@2.1.20_hono@4.7.11": {
      "integrity": "sha512-Z4PQFtzgbGneBap+TTViRIBAoUWbwEwg8PaKNqALAP6z9N2ksJI81PfcsSQNUzwtrn8LipkMvBb8/D9Pei2GJw==",
      "dependencies": [
        "arktype",
        "hono"
      ]
    },
    "arktype@2.1.20": {
      "integrity": "sha512-IZCEEXaJ8g+Ijd59WtSYwtjnqXiwM8sWQ5EjGamcto7+HVN9eK0C4p0zDlCuAwWhpqr6fIBkxPuYDl4/Mcj/+Q==",
      "dependencies": [
        "@ark/schema",
        "@ark/util"
      ]
    },
    "hono@4.7.11": {
      "integrity": "sha512-rv0JMwC0KALbbmwJDEnxvQCeJh+xbS3KEWW5PC9cMJ08Ur9xgatI0HmtgYZfOdOSOeYsp5LO2cOhdI8cLEbDEQ=="
    }
  },
  "workspace": {
    "dependencies": [
      "jsr:@hectorm/otpauth@*",
      "jsr:@hono/hono@^4.7.7",
      "jsr:@libs/qrcode@3",
      "jsr:@negrel/webpush@*",
      "npm:@hono/arktype-validator@2"
    ]
  }
}
